// !$*UTF8*$!
{
	archiveVersion = 1;
	classes = {
	};
	objectVersion = 46;
	objects = {

/* Begin PBXBuildFile section */
		9A1454E41E6B1F9500195298 /* AppDelegate.swift in Sources */ = {isa = PBXBuildFile; fileRef = 9A1454E31E6B1F9500195298 /* AppDelegate.swift */; };
		9A1454E61E6B1F9500195298 /* ViewController.swift in Sources */ = {isa = PBXBuildFile; fileRef = 9A1454E51E6B1F9500195298 /* ViewController.swift */; };
		9A1454EB1E6B1F9500195298 /* Assets.xcassets in Resources */ = {isa = PBXBuildFile; fileRef = 9A1454EA1E6B1F9500195298 /* Assets.xcassets */; };
		9A1454EE1E6B1F9500195298 /* LaunchScreen.storyboard in Resources */ = {isa = PBXBuildFile; fileRef = 9A1454EC1E6B1F9500195298 /* LaunchScreen.storyboard */; };
		9A1454F61E6B1FDC00195298 /* SegmentedProgressBar.swift in Sources */ = {isa = PBXBuildFile; fileRef = 9A1454F51E6B1FDC00195298 /* SegmentedProgressBar.swift */; };
/* End PBXBuildFile section */

/* Begin PBXFileReference section */
		9A1454E01E6B1F9500195298 /* SegmentedProgressBar.app */ = {isa = PBXFileReference; explicitFileType = wrapper.application; includeInIndex = 0; path = SegmentedProgressBar.app; sourceTree = BUILT_PRODUCTS_DIR; };
		9A1454E31E6B1F9500195298 /* AppDelegate.swift */ = {isa = PBXFileReference; lastKnownFileType = sourcecode.swift; path = AppDelegate.swift; sourceTree = "<group>"; };
		9A1454E51E6B1F9500195298 /* ViewController.swift */ = {isa = PBXFileReference; lastKnownFileType = sourcecode.swift; path = ViewController.swift; sourceTree = "<group>"; };
		9A1454EA1E6B1F9500195298 /* Assets.xcassets */ = {isa = PBXFileReference; lastKnownFileType = folder.assetcatalog; path = Assets.xcassets; sourceTree = "<group>"; };
		9A1454ED1E6B1F9500195298 /* Base */ = {isa = PBXFileReference; lastKnownFileType = file.storyboard; name = Base; path = Base.lproj/LaunchScreen.storyboard; sourceTree = "<group>"; };
		9A1454EF1E6B1F9500195298 /* Info.plist */ = {isa = PBXFileReference; lastKnownFileType = text.plist.xml; path = Info.plist; sourceTree = "<group>"; };
		9A1454F51E6B1FDC00195298 /* SegmentedProgressBar.swift */ = {isa = PBXFileReference; fileEncoding = 4; lastKnownFileType = sourcecode.swift; path = SegmentedProgressBar.swift; sourceTree = "<group>"; };
/* End PBXFileReference section */

/* Begin PBXFrameworksBuildPhase section */
		9A1454DD1E6B1F9500195298 /* Frameworks */ = {
			isa = PBXFrameworksBuildPhase;
			buildActionMask = 2147483647;
			files = (
			);
			runOnlyForDeploymentPostprocessing = 0;
		};
/* End PBXFrameworksBuildPhase section */

/* Begin PBXGroup section */
		9A1454D71E6B1F9400195298 = {
			isa = PBXGroup;
			children = (
				9A1454E21E6B1F9500195298 /* SegmentedProgressBar */,
				9A1454E11E6B1F9500195298 /* Products */,
			);
			sourceTree = "<group>";
		};
		9A1454E11E6B1F9500195298 /* Products */ = {
			isa = PBXGroup;
			children = (
				9A1454E01E6B1F9500195298 /* SegmentedProgressBar.app */,
			);
			name = Products;
			sourceTree = "<group>";
		};
		9A1454E21E6B1F9500195298 /* SegmentedProgressBar */ = {
			isa = PBXGroup;
			children = (
				9A1454E31E6B1F9500195298 /* AppDelegate.swift */,
				9A1454E51E6B1F9500195298 /* ViewController.swift */,
				9A1454F51E6B1FDC00195298 /* SegmentedProgressBar.swift */,
				9A1454EA1E6B1F9500195298 /* Assets.xcassets */,
				9A1454EC1E6B1F9500195298 /* LaunchScreen.storyboard */,
				9A1454EF1E6B1F9500195298 /* Info.plist */,
			);
			path = SegmentedProgressBar;
			sourceTree = "<group>";
		};
/* End PBXGroup section */

/* Begin PBXNativeTarget section */
		9A1454DF1E6B1F9500195298 /* SegmentedProgressBar */ = {
			isa = PBXNativeTarget;
			buildConfigurationList = 9A1454F21E6B1F9500195298 /* Build configuration list for PBXNativeTarget "SegmentedProgressBar" */;
			buildPhases = (
				9A1454DC1E6B1F9500195298 /* Sources */,
				9A1454DD1E6B1F9500195298 /* Frameworks */,
				9A1454DE1E6B1F9500195298 /* Resources */,
			);
			buildRules = (
			);
			dependencies = (
			);
			name = SegmentedProgressBar;
			productName = SegmentedProgressBar;
			productReference = 9A1454E01E6B1F9500195298 /* SegmentedProgressBar.app */;
			productType = "com.apple.product-type.application";
		};
/* End PBXNativeTarget section */

/* Begin PBXProject section */
		9A1454D81E6B1F9400195298 /* Project object */ = {
			isa = PBXProject;
			attributes = {
				LastSwiftUpdateCheck = 0820;
				LastUpgradeCheck = 0820;
				ORGANIZATIONNAME = "Dylan Marriott";
				TargetAttributes = {
					9A1454DF1E6B1F9500195298 = {
						CreatedOnToolsVersion = 8.2.1;
						DevelopmentTeam = 5EFBK52YD3;
						ProvisioningStyle = Automatic;
					};
				};
			};
			buildConfigurationList = 9A1454DB1E6B1F9400195298 /* Build configuration list for PBXProject "SegmentedProgressBar" */;
			compatibilityVersion = "Xcode 3.2";
			developmentRegion = English;
			hasScannedForEncodings = 0;
			knownRegions = (
				en,
				Base,
			);
			mainGroup = 9A1454D71E6B1F9400195298;
			productRefGroup = 9A1454E11E6B1F9500195298 /* Products */;
			projectDirPath = "";
			projectRoot = "";
			targets = (
				9A1454DF1E6B1F9500195298 /* SegmentedProgressBar */,
			);
		};
/* End PBXProject section */

/* Begin PBXResourcesBuildPhase section */
		9A1454DE1E6B1F9500195298 /* Resources */ = {
			isa = PBXResourcesBuildPhase;
			buildActionMask = 2147483647;
			files = (
				9A1454EE1E6B1F9500195298 /* LaunchScreen.storyboard in Resources */,
				9A1454EB1E6B1F9500195298 /* Assets.xcassets in Resources */,
			);
			runOnlyForDeploymentPostprocessing = 0;
		};
/* End PBXResourcesBuildPhase section */

/* Begin PBXSourcesBuildPhase section */
		9A1454DC1E6B1F9500195298 /* Sources */ = {
			isa = PBXSourcesBuildPhase;
			buildActionMask = 2147483647;
			files = (
				9A1454E61E6B1F9500195298 /* ViewController.swift in Sources */,
				9A1454E41E6B1F9500195298 /* AppDelegate.swift in Sources */,
				9A1454F61E6B1FDC00195298 /* SegmentedProgressBar.swift in Sources */,
			);
			runOnlyForDeploymentPostprocessing = 0;
		};
/* End PBXSourcesBuildPhase section */

/* Begin PBXVariantGroup section */
		9A1454EC1E6B1F9500195298 /* LaunchScreen.storyboard */ = {
			isa = PBXVariantGroup;
			children = (
				9A1454ED1E6B1F9500195298 /* Base */,
			);
			name = LaunchScreen.storyboard;
			sourceTree = "<group>";
		};
/* End PBXVariantGroup section */

/* Begin XCBuildConfiguration section */
		9A1454F01E6B1F9500195298 /* Debug */ = {
			isa = XCBuildConfiguration;
			buildSettings = {
				ALWAYS_SEARCH_USER_PATHS = NO;
				CLANG_ANALYZER_NONNULL = YES;
				CLANG_CXX_LANGUAGE_STANDARD = "gnu++0x";
				CLANG_CXX_LIBRARY = "libc++";
				CLANG_ENABLE_MODULES = YES;
				CLANG_ENABLE_OBJC_ARC = YES;
				CLANG_WARN_BOOL_CONVERSION = YES;
				CLANG_WARN_CONSTANT_CONVERSION = YES;
				CLANG_WARN_DIRECT_OBJC_ISA_USAGE = YES_ERROR;
				CLANG_WARN_DOCUMENTATION_COMMENTS = YES;
				CLANG_WARN_EMPTY_BODY = YES;
				CLANG_WARN_ENUM_CONVERSION = YES;
				CLANG_WARN_INFINITE_RECURSION = YES;
				CLANG_WARN_INT_CONVERSION = YES;
				CLANG_WARN_OBJC_ROOT_CLASS = YES_ERROR;
				CLANG_WARN_SUSPICIOUS_MOVE = YES;
				CLANG_WARN_UNREACHABLE_CODE = YES;
				CLANG_WARN__DUPLICATE_METHOD_MATCH = YES;
				"CODE_SIGN_IDENTITY[sdk=iphoneos*]" = "iPhone Developer";
				COPY_PHASE_STRIP = NO;
				DEBUG_INFORMATION_FORMAT = dwarf;
				ENABLE_STRICT_OBJC_MSGSEND = YES;
				ENABLE_TESTABILITY = YES;
				GCC_C_LANGUAGE_STANDARD = gnu99;
				GCC_DYNAMIC_NO_PIC = NO;
				GCC_NO_COMMON_BLOCKS = YES;
				GCC_OPTIMIZATION_LEVEL = 0;
				GCC_PREPROCESSOR_DEFINITIONS = (
					"DEBUG=1",
					"$(inherited)",
				);
				GCC_WARN_64_TO_32_BIT_CONVERSION = YES;
				GCC_WARN_ABOUT_RETURN_TYPE = YES_ERROR;
				GCC_WARN_UNDECLARED_SELECTOR = YES;
				GCC_WARN_UNINITIALIZED_AUTOS = YES_AGGRESSIVE;
				GCC_WARN_UNUSED_FUNCTION = YES;
				GCC_WARN_UNUSED_VARIABLE = YES;
				IPHONEOS_DEPLOYMENT_TARGET = 10.2;
				MTL_ENABLE_DEBUG_INFO = YES;
				ONLY_ACTIVE_ARCH = YES;
				SDKROOT = iphoneos;
				SWIFT_ACTIVE_COMPILATION_CONDITIONS = DEBUG;
				SWIFT_OPTIMIZATION_LEVEL = "-Onone";
			};
			name = Debug;
		};
		9A1454F11E6B1F9500195298 /* Release */ = {
			isa = XCBuildConfiguration;
			buildSettings = {
				ALWAYS_SEARCH_USER_PATHS = NO;
				CLANG_ANALYZER_NONNULL = YES;
				CLANG_CXX_LANGUAGE_STANDARD = "gnu++0x";
				CLANG_CXX_LIBRARY = "libc++";
				CLANG_ENABLE_MODULES = YES;
				CLANG_ENABLE_OBJC_ARC = YES;
				CLANG_WARN_BOOL_CONVERSION = YES;
				CLANG_WARN_CONSTANT_CONVERSION = YES;
				CLANG_WARN_DIRECT_OBJC_ISA_USAGE = YES_ERROR;
				CLANG_WARN_DOCUMENTATION_COMMENTS = YES;
				CLANG_WARN_EMPTY_BODY = YES;
				CLANG_WARN_ENUM_CONVERSION = YES;
				CLANG_WARN_INFINITE_RECURSION = YES;
				CLANG_WARN_INT_CONVERSION = YES;
				CLANG_WARN_OBJC_ROOT_CLASS = YES_ERROR;
				CLANG_WARN_SUSPICIOUS_MOVE = YES;
				CLANG_WARN_UNREACHABLE_CODE = YES;
				CLANG_WARN__DUPLICATE_METHOD_MATCH = YES;
				"CODE_SIGN_IDENTITY[sdk=iphoneos*]" = "iPhone Developer";
				COPY_PHASE_STRIP = NO;
				DEBUG_INFORMATION_FORMAT = "dwarf-with-dsym";
				ENABLE_NS_ASSERTIONS = NO;
				ENABLE_STRICT_OBJC_MSGSEND = YES;
				GCC_C_LANGUAGE_STANDARD = gnu99;
				GCC_NO_COMMON_BLOCKS = YES;
				GCC_WARN_64_TO_32_BIT_CONVERSION = YES;
				GCC_WARN_ABOUT_RETURN_TYPE = YES_ERROR;
				GCC_WARN_UNDECLARED_SELECTOR = YES;
				GCC_WARN_UNINITIALIZED_AUTOS = YES_AGGRESSIVE;
				GCC_WARN_UNUSED_FUNCTION = YES;
				GCC_WARN_UNUSED_VARIABLE = YES;
				IPHONEOS_DEPLOYMENT_TARGET = 10.2;
				MTL_ENABLE_DEBUG_INFO = NO;
				SDKROOT = iphoneos;
				SWIFT_OPTIMIZATION_LEVEL = "-Owholemodule";
				VALIDATE_PRODUCT = YES;
			};
			name = Release;
		};
		9A1454F31E6B1F9500195298 /* Debug */ = {
			isa = XCBuildConfiguration;
			buildSettings = {
				ASSETCATALOG_COMPILER_APPICON_NAME = AppIcon;
				DEVELOPMENT_TEAM = 5EFBK52YD3;
				INFOPLIST_FILE = SegmentedProgressBar/Info.plist;
				LD_RUNPATH_SEARCH_PATHS = "$(inherited) @executable_path/Frameworks";
				PRODUCT_BUNDLE_IDENTIFIER = com.dylanmarriott.SegmentedProgressBar;
				PRODUCT_NAME = "$(TARGET_NAME)";
				SWIFT_VERSION = 3.0;
			};
			name = Debug;
		};
		9A1454F41E6B1F9500195298 /* Release */ = {
			isa = XCBuildConfiguration;
			buildSettings = {
				ASSETCATALOG_COMPILER_APPICON_NAME = AppIcon;
				DEVELOPMENT_TEAM = 5EFBK52YD3;
				INFOPLIST_FILE = SegmentedProgressBar/Info.plist;
				LD_RUNPATH_SEARCH_PATHS = "$(inherited) @executable_path/Frameworks";
				PRODUCT_BUNDLE_IDENTIFIER = com.dylanmarriott.SegmentedProgressBar;
				PRODUCT_NAME = "$(TARGET_NAME)";
				SWIFT_VERSION = 3.0;
			};
			name = Release;
		};
/* End XCBuildConfiguration section */

/* Begin XCConfigurationList section */
		9A1454DB1E6B1F9400195298 /* Build configuration list for PBXProject "SegmentedProgressBar" */ = {
			isa = XCConfigurationList;
			buildConfigurations = (
				9A1454F01E6B1F9500195298 /* Debug */,
				9A1454F11E6B1F9500195298 /* Release */,
			);
			defaultConfigurationIsVisible = 0;
			defaultConfigurationName = Release;
		};
		9A1454F21E6B1F9500195298 /* Build configuration list for PBXNativeTarget "SegmentedProgressBar" */ = {
			isa = XCConfigurationList;
			buildConfigurations = (
				9A1454F31E6B1F9500195298 /* Debug */,
				9A1454F41E6B1F9500195298 /* Release */,
			);
			defaultConfigurationIsVisible = 0;
		};
/* End XCConfigurationList section */
	};
	rootObject = 9A1454D81E6B1F9400195298 /* Project object */;
}
